{
  "name": "webtchat",
  "version": "1.0.0",
  "lockfileVersion": 3,
  "requires": true,
  "packages": {
    "": {
      "name": "webtchat",
      "version": "1.0.0",
      "license": "GPL-3.0-or-later",
      "dependencies": {
        "@tauri-apps/plugin-notification": "^2.3.3",
        "pdfjs-dist": "^4.10.38"
      },
      "devDependencies": {
        "@tauri-apps/cli": "^2.11.3"
      }
    },
    "node_modules/@napi-rs/canvas": {
      "version": "0.1.100",
      "resolved": "https://registry.npmjs.org/@napi-rs/canvas/-/canvas-0.1.100.tgz",
      "integrity": "sha512-xglYA6q3XO5P3BNJYxVZ1IV7DLVjp1Py6nwag88YntrS+3vKHyYcMqXVS4ZztJmwz2uGvz1FWhI/4LgbR5uQDA==",
      "license": "MIT",
      "optional": true,
      "workspaces": [
        "e2e/*"
      ],
      "engines": {
        "node": ">= 10"
      },
      "funding": {
        "type": "github",
        "url": "https://github.com/sponsors/Brooooooklyn"
      },
      "optionalDependencies": {
        "@napi-rs/canvas-android-arm64": "0.1.100",
        "@napi-rs/canvas-darwin-arm64": "0.1.100",
        "@napi-rs/canvas-darwin-x64": "0.1.100",
        "@napi-rs/canvas-linux-arm-gnueabihf": "0.1.100",
        "@napi-rs/canvas-linux-arm64-gnu": "0.1.100",
        "@napi-rs/canvas-linux-arm64-musl": "0.1.100",
        "@napi-rs/canvas-linux-riscv64-gnu": "0.1.100",
        "@napi-rs/canvas-linux-x64-gnu": "0.1.100",
        "@napi-rs/canvas-linux-x64-musl": "0.1.100",
        "@napi-rs/canvas-win32-arm64-msvc": "0.1.100",
        "@napi-rs/canvas-win32-x64-msvc": "0.1.100"
      }
    },
    "node_modules/@napi-rs/canvas-android-arm64": {
      "version": "0.1.100",
      "resolved": "https://registry.npmjs.org/@napi-rs/canvas-android-arm64/-/canvas-android-arm64-0.1.100.tgz",
      "integrity": "sha512-hjhCKhntPv9+t4ckHymdx0phYNcVW+GKQR6Lzw2zE+pOVjOplSmtx9nNNknTjbEDLcuLZqA1y8ufKg1XfgftzQ==",
      "cpu": [
        "arm64"
      ],
      "license": "MIT",
      "optional": true,
      "os": [
        "android"
      ],
      "engines": {
        "node": ">= 10"
      },
      "funding": {
        "type": "github",
        "url": "https://github.com/sponsors/Brooooooklyn"
      }
    },
    "node_modules/@napi-rs/canvas-darwin-arm64": {
      "version": "0.1.100",
      "resolved": "https://registry.npmjs.org/@napi-rs/canvas-darwin-arm64/-/canvas-darwin-arm64-0.1.100.tgz",
      "integrity": "sha512-2PcswRaC7Ly645DGt88///zuFDhJxJYdKAs1uU3mfk1atYkXufgcgLfBpk6Tm12nCQBaNt1wpybuPZ4qOhTo8A==",
      "cpu": [
        "arm64"
      ],
      "license": "MIT",
      "optional": true,
      "os": [
        "darwin"
      ],
      "engines": {
        "node": ">= 10"
      },
      "funding": {
        "type": "github",
        "url": "https://github.com/sponsors/Brooooooklyn"
      }
    },
    "node_modules/@napi-rs/canvas-darwin-x64": {
      "version": "0.1.100",
      "resolved": "https://registry.npmjs.org/@napi-rs/canvas-darwin-x64/-/canvas-darwin-x64-0.1.100.tgz",
      "integrity": "sha512-ePNZtj7pNIva/siZMg+HmbeozkIjqUIYdoymH8HaA3qK7LfzFN4WMBM8G6HQ9ZC+H3+Dnn5pqtiXpgLykaPOhw==",
      "cpu": [
        "x64"
      ],
      "license": "MIT",
      "optional": true,
      "os": [
        "darwin"
      ],
      "engines": {
        "node": ">= 10"
      },
      "funding": {
        "type": "github",
        "url": "https://github.com/sponsors/Brooooooklyn"
      }
    },
    "node_modules/@napi-rs/canvas-linux-arm-gnueabihf": {
      "version": "0.1.100",
      "resolved": "https://registry.npmjs.org/@napi-rs/canvas-linux-arm-gnueabihf/-/canvas-linux-arm-gnueabihf-0.1.100.tgz",
      "integrity": "sha512-d5cDB48oWFGU8/XPhUOFAlySgb/VAu7D+s8fi55K1Pcfg8aPplHWqMgibhVLU8ky7Pyg/fuiVLz4Nf3JrSTuUA==",
      "cpu": [
        "arm"
      ],
      "license": "MIT",
      "optional": true,
      "os": [
        "linux"
      ],
      "engines": {
        "node": ">= 10"
      },
      "funding": {
        "type": "github",
        "url": "https://github.com/sponsors/Brooooooklyn"
      }
    },
    "node_modules/@napi-rs/canvas-linux-arm64-gnu": {
      "version": "0.1.100",
      "resolved": "https://registry.npmjs.org/@napi-rs/canvas-linux-arm64-gnu/-/canvas-linux-arm64-gnu-0.1.100.tgz",
      "integrity": "sha512-rDxgxRu69RvDlX/bh9o22DxLsGr8EqsNgotL9+RwQE1S0b0cqeatqsw6aW45mukm0B42DIAaAacKaYQ8cqS1nw==",
      "cpu": [
        "arm64"
      ],
      "libc": [
        "glibc"
      ],
      "license": "MIT",
      "optional": true,
      "os": [
        "linux"
      ],
      "engines": {
        "node": ">= 10"
      },
      "funding": {
        "type": "github",
        "url": "https://github.com/sponsors/Brooooooklyn"
      }
    },
    "node_modules/@napi-rs/canvas-linux-arm64-musl": {
      "version": "0.1.100",
      "resolved": "https://registry.npmjs.org/@napi-rs/canvas-linux-arm64-musl/-/canvas-linux-arm64-musl-0.1.100.tgz",
      "integrity": "sha512-K3mDW66N+xT2/V439u1alFANiBUjdEx2gLiNYnCmUsva5jZMxWTjafBYwTzYK+EMFMHrUoabuU+T1BIP5CgbYQ==",
      "cpu": [
        "arm64"
      ],
      "libc": [
        "musl"
      ],
      "license": "MIT",
      "optional": true,
      "os": [
        "linux"
      ],
      "engines": {
        "node": ">= 10"
      },
      "funding": {
        "type": "github",
        "url": "https://github.com/sponsors/Brooooooklyn"
      }
    },
    "node_modules/@napi-rs/canvas-linux-riscv64-gnu": {
      "version": "0.1.100",
      "resolved": "https://registry.npmjs.org/@napi-rs/canvas-linux-riscv64-gnu/-/canvas-linux-riscv64-gnu-0.1.100.tgz",
      "integrity": "sha512-mooqUBTIsccZpnoQC4NgrC1v6C1vof39etLNMnBwCY+p0gajWJvAHLGQ6g/gGyS5YrpDW+GefSN4+Cvcr08UWw==",
      "cpu": [
        "riscv64"
      ],
      "libc": [
        "glibc"
      ],
      "license": "MIT",
      "optional": true,
      "os": [
        "linux"
      ],
      "engines": {
        "node": ">= 10"
      },
      "funding": {
        "type": "github",
        "url": "https://github.com/sponsors/Brooooooklyn"
      }
    },
    "node_modules/@napi-rs/canvas-linux-x64-gnu": {
      "version": "0.1.100",
      "resolved": "https://registry.npmjs.org/@napi-rs/canvas-linux-x64-gnu/-/canvas-linux-x64-gnu-0.1.100.tgz",
      "integrity": "sha512-1eCvkDCazm7FFhsT7DfGOdSaHgZVK3bt/dSBl5EWHOWmnz+I7j8tPseJqqD81NF+MH21jKUK4wQSDjN0mdhnTg==",
      "cpu": [
        "x64"
      ],
      "libc": [
        "glibc"
      ],
      "license": "MIT",
      "optional": true,
      "os": [
        "linux"
      ],
      "engines": {
        "node": ">= 10"
      },
      "funding": {
        "type": "github",
        "url": "https://github.com/sponsors/Brooooooklyn"
      }
    },
    "node_modules/@napi-rs/canvas-linux-x64-musl": {
      "version": "0.1.100",
      "resolved": "https://registry.npmjs.org/@napi-rs/canvas-linux-x64-musl/-/canvas-linux-x64-musl-0.1.100.tgz",
      "integrity": "sha512-20arT6lnI19S68qNlii73TSEDbECNgzMz2EpldC1V3mZFuRkeujXkcebRk0LRJe9SEUAooYiLokfMViY8IX7yA==",
      "cpu": [
        "x64"
      ],
      "libc": [
        "musl"
      ],
      "license": "MIT",
      "optional": true,
      "os": [
        "linux"
      ],
      "engines": {
        "node": ">= 10"
      },
      "funding": {
        "type": "github",
        "url": "https://github.com/sponsors/Brooooooklyn"
      }
    },
    "node_modules/@napi-rs/canvas-win32-arm64-msvc": {
      "version": "0.1.100",
      "resolved": "https://registry.npmjs.org/@napi-rs/canvas-win32-arm64-msvc/-/canvas-win32-arm64-msvc-0.1.100.tgz",
      "integrity": "sha512-DZFFT1wIAg37LJw37yhMRFfjATd3vTQzjZ1Yki8u2vhO6Hi5VE6BVaGQ1aaDu7xb4iMErz+9EOwjpS7xcxFeBw==",
      "cpu": [
        "arm64"
      ],
      "license": "MIT",
      "optional": true,
      "os": [
        "win32"
      ],
      "engines": {
        "node": ">= 10"
      },
      "funding": {
        "type": "github",
        "url": "https://github.com/sponsors/Brooooooklyn"
      }
    },
    "node_modules/@napi-rs/canvas-win32-x64-msvc": {
      "version": "0.1.100",
      "resolved": "https://registry.npmjs.org/@napi-rs/canvas-win32-x64-msvc/-/canvas-win32-x64-msvc-0.1.100.tgz",
      "integrity": "sha512-MyT1j3mHC2+Lu4pBi9mKyMJhtP6U7k7EldY7sj/uS5gJA65gTXt8MefJQXLJo5d/vZbuWmfxzkEUNc/urV3pHA==",
      "cpu": [
        "x64"
      ],
      "license": "MIT",
      "optional": true,
      "os": [
        "win32"
      ],
      "engines": {
        "node": ">= 10"
      },
      "funding": {
        "type": "github",
        "url": "https://github.com/sponsors/Brooooooklyn"
      }
    },
    "node_modules/@tauri-apps/api": {
      "version": "2.11.1",
      "resolved": "https://registry.npmjs.org/@tauri-apps/api/-/api-2.11.1.tgz",
      "integrity": "sha512-M2FPuYND2m+wh5hfW9ZpSdxMPdEJovPBWwoHJmwUpysTYNHaOkVFN419m/K0LIgjb/7KU2vBgsUepJWugQCvAA==",
      "license": "Apache-2.0 OR MIT",
      "funding": {
        "type": "opencollective",
        "url": "https://opencollective.com/tauri"
      }
    },
    "node_modules/@tauri-apps/cli": {
      "version": "2.11.3",
      "resolved": "https://registry.npmjs.org/@tauri-apps/cli/-/cli-2.11.3.tgz",
      "integrity": "sha512-EElQe8z8uD7Pi5++tJ/UfEwWuK08rd3oCDYdeIbJAb6pZRrxlqmoF5gh5H5YvzmUPhS4IRCaLSsQhvWkrfK+GQ==",
      "dev": true,
      "license": "Apache-2.0 OR MIT",
      "bin": {
        "tauri": "tauri.js"
      },
      "engines": {
        "node": ">= 10"
      },
      "funding": {
        "type": "opencollective",
        "url": "https://opencollective.com/tauri"
      },
      "optionalDependencies": {
        "@tauri-apps/cli-darwin-arm64": "2.11.3",
        "@tauri-apps/cli-darwin-x64": "2.11.3",
        "@tauri-apps/cli-linux-arm-gnueabihf": "2.11.3",
        "@tauri-apps/cli-linux-arm64-gnu": "2.11.3",
        "@tauri-apps/cli-linux-arm64-musl": "2.11.3",
        "@tauri-apps/cli-linux-riscv64-gnu": "2.11.3",
        "@tauri-apps/cli-linux-x64-gnu": "2.11.3",
        "@tauri-apps/cli-linux-x64-musl": "2.11.3",
        "@tauri-apps/cli-win32-arm64-msvc": "2.11.3",
        "@tauri-apps/cli-win32-ia32-msvc": "2.11.3",
        "@tauri-apps/cli-win32-x64-msvc": "2.11.3"
      }
    },
    "node_modules/@tauri-apps/cli-darwin-arm64": {
      "version": "2.11.3",
      "resolved": "https://registry.npmjs.org/@tauri-apps/cli-darwin-arm64/-/cli-darwin-arm64-2.11.3.tgz",
      "integrity": "sha512-BxpaM8bsCoXs3wd4WKYhas/G1gs7+r7B+e4WnyRk2GEoVOouJB1hoL6E6YLXZDXbYci6VFdrNnobQwd2uVL4ew==",
      "cpu": [
        "arm64"
      ],
      "dev": true,
      "license": "Apache-2.0 OR MIT",
      "optional": true,
      "os": [
        "darwin"
      ],
      "engines": {
        "node": ">= 10"
      }
    },
    "node_modules/@tauri-apps/cli-darwin-x64": {
      "version": "2.11.3",
      "resolved": "https://registry.npmjs.org/@tauri-apps/cli-darwin-x64/-/cli-darwin-x64-2.11.3.tgz",
      "integrity": "sha512-DbZYuPB1ZEzcAHYeyCvo3ltzM27+aXwPloCrtexPnmgPgulYJm3TOq6aC4S+wPhSXteddg8zImtNkvx/gQzmwg==",
      "cpu": [
        "x64"
      ],
      "dev": true,
      "license": "Apache-2.0 OR MIT",
      "optional": true,
      "os": [
        "darwin"
      ],
      "engines": {
        "node": ">= 10"
      }
    },
    "node_modules/@tauri-apps/cli-linux-arm-gnueabihf": {
      "version": "2.11.3",
      "resolved": "https://registry.npmjs.org/@tauri-apps/cli-linux-arm-gnueabihf/-/cli-linux-arm-gnueabihf-2.11.3.tgz",
      "integrity": "sha512-741NduqBmz1XkdU8yz3OI/kBZtqHbvxo9F9ytIeWYU69/Ba9dcZEbqOU++Dp0G/XU8vAI0TfTywEl+p+BbLvaA==",
      "cpu": [
        "arm"
      ],
      "dev": true,
      "license": "Apache-2.0 OR MIT",
      "optional": true,
      "os": [
        "linux"
      ],
      "engines": {
        "node": ">= 10"
      }
    },
    "node_modules/@tauri-apps/cli-linux-arm64-gnu": {
      "version": "2.11.3",
      "resolved": "https://registry.npmjs.org/@tauri-apps/cli-linux-arm64-gnu/-/cli-linux-arm64-gnu-2.11.3.tgz",
      "integrity": "sha512-RWAXT8pTqIczXcoic+LXlo6uEbAXGB0cgh6Pg7Y9xVnEbzryQ1JHtRGj9SxzrKSemBIDBH6Qc24kK2G69i8ofA==",
      "cpu": [
        "arm64"
      ],
      "dev": true,
      "libc": [
        "glibc"
      ],
      "license": "Apache-2.0 OR MIT",
      "optional": true,
      "os": [
        "linux"
      ],
      "engines": {
        "node": ">= 10"
      }
    },
    "node_modules/@tauri-apps/cli-linux-arm64-musl": {
      "version": "2.11.3",
      "resolved": "https://registry.npmjs.org/@tauri-apps/cli-linux-arm64-musl/-/cli-linux-arm64-musl-2.11.3.tgz",
      "integrity": "sha512-qomqYS+yAkd0gXMRmhguWXc7RfVN+XKKXaEwbf5QmKURwydLFOTldd6F8/WoZDSsBMrV8dpNxz0YneGLmobiSA==",
      "cpu": [
        "arm64"
      ],
      "dev": true,
      "libc": [
        "musl"
      ],
      "license": "Apache-2.0 OR MIT",
      "optional": true,
      "os": [
        "linux"
      ],
      "engines": {
        "node": ">= 10"
      }
    },
    "node_modules/@tauri-apps/cli-linux-riscv64-gnu": {
      "version": "2.11.3",
      "resolved": "https://registry.npmjs.org/@tauri-apps/cli-linux-riscv64-gnu/-/cli-linux-riscv64-gnu-2.11.3.tgz",
      "integrity": "sha512-jOCXbDqeDj5XcclsOBAaXjtTgwZCVg8zEZ+dbPUCoADOgljFgL0rOkYTc96vUYgOrYEfuHYihWMxIDGaD6GwJw==",
      "cpu": [
        "riscv64"
      ],
      "dev": true,
      "libc": [
        "glibc"
      ],
      "license": "Apache-2.0 OR MIT",
      "optional": true,
      "os": [
        "linux"
      ],
      "engines": {
        "node": ">= 10"
      }
    },
    "node_modules/@tauri-apps/cli-linux-x64-gnu": {
      "version": "2.11.3",
      "resolved": "https://registry.npmjs.org/@tauri-apps/cli-linux-x64-gnu/-/cli-linux-x64-gnu-2.11.3.tgz",
      "integrity": "sha512-+u3HO/F3gHwL48t9gWN/urqZvpaEJzBFmTaq5eSIhvy8TOvnhb+LgJr3Q3BG+5JxuBrCUjqtOEz6gMttdJFSBA==",
      "cpu": [
        "x64"
      ],
      "dev": true,
      "libc": [
        "glibc"
      ],
      "license": "Apache-2.0 OR MIT",
      "optional": true,
      "os": [
        "linux"
      ],
      "engines": {
        "node": ">= 10"
      }
    },
    "node_modules/@tauri-apps/cli-linux-x64-musl": {
      "version": "2.11.3",
      "resolved": "https://registry.npmjs.org/@tauri-apps/cli-linux-x64-musl/-/cli-linux-x64-musl-2.11.3.tgz",
      "integrity": "sha512-spr5Jpr6KF/vehkLwJ0YmdGv8QwpWU+uw7J8bgijO0sox6ZCYsSNMbcsQjTqPi4xl+p0woIYpWXgChgHYpAc8g==",
      "cpu": [
        "x64"
      ],
      "dev": true,
      "libc": [
        "musl"
      ],
      "license": "Apache-2.0 OR MIT",
      "optional": true,
      "os": [
        "linux"
      ],
      "engines": {
        "node": ">= 10"
      }
    },
    "node_modules/@tauri-apps/cli-win32-arm64-msvc": {
      "version": "2.11.3",
      "resolved": "https://registry.npmjs.org/@tauri-apps/cli-win32-arm64-msvc/-/cli-win32-arm64-msvc-2.11.3.tgz",
      "integrity": "sha512-abkoRQih5xBa3vz2spWaex0kP/MzVzVPQHom2f8jnCq46R/luOD6Uy85EMU9/bfzf6ZzdorWJsgO+OMX90Fx2w==",
      "cpu": [
        "arm64"
      ],
      "dev": true,
      "license": "Apache-2.0 OR MIT",
      "optional": true,
      "os": [
        "win32"
      ],
      "engines": {
        "node": ">= 10"
      }
    },
    "node_modules/@tauri-apps/cli-win32-ia32-msvc": {
      "version": "2.11.3",
      "resolved": "https://registry.npmjs.org/@tauri-apps/cli-win32-ia32-msvc/-/cli-win32-ia32-msvc-2.11.3.tgz",
      "integrity": "sha512-Vy6AvzFm1G40hg3r+OYDB3jkuu7R4wnMzbQBKuun9v6Cgg8IierpLL7toMzrZKs/8NlG8Sg4x1iLFR52oknyHg==",
      "cpu": [
        "ia32"
      ],
      "dev": true,
      "license": "Apache-2.0 OR MIT",
      "optional": true,
      "os": [
        "win32"
      ],
      "engines": {
        "node": ">= 10"
      }
    },
    "node_modules/@tauri-apps/cli-win32-x64-msvc": {
      "version": "2.11.3",
      "resolved": "https://registry.npmjs.org/@tauri-apps/cli-win32-x64-msvc/-/cli-win32-x64-msvc-2.11.3.tgz",
      "integrity": "sha512-GlciF75GdbseajOyib2aCHwE3BXIqZ1liGKWLFRvCdN5wm8h8hFssEVKQ/6E+2jsMLg9v7LCTb983YFnn0QSww==",
      "cpu": [
        "x64"
      ],
      "dev": true,
      "license": "Apache-2.0 OR MIT",
      "optional": true,
      "os": [
        "win32"
      ],
      "engines": {
        "node": ">= 10"
      }
    },
    "node_modules/@tauri-apps/plugin-notification": {
      "version": "2.3.3",
      "resolved": "https://registry.npmjs.org/@tauri-apps/plugin-notification/-/plugin-notification-2.3.3.tgz",
      "integrity": "sha512-Zw+ZH18RJb41G4NrfHgIuofJiymusqN+q8fGUIIV7vyCH+5sSn5coqRv/MWB9qETsUs97vmU045q7OyseCV3Qg==",
      "license": "MIT OR Apache-2.0",
      "dependencies": {
        "@tauri-apps/api": "^2.8.0"
      }
    },
    "node_modules/pdfjs-dist": {
      "version": "4.10.38",
      "resolved": "https://registry.npmjs.org/pdfjs-dist/-/pdfjs-dist-4.10.38.tgz",
      "integrity": "sha512-/Y3fcFrXEAsMjJXeL9J8+ZG9U01LbuWaYypvDW2ycW1jL269L3js3DVBjDJ0Up9Np1uqDXsDrRihHANhZOlwdQ==",
      "license": "Apache-2.0",
      "engines": {
        "node": ">=20"
      },
      "optionalDependencies": {
        "@napi-rs/canvas": "^0.1.65"
      }
    }
  }
}
